
Microsoft Visual Studio Solution File, Format Version 12.00
# Visual Studio Version 17
VisualStudioVersion = 17.9.34701.34
MinimumVisualStudioVersion = 10.0.40219.1
Project("{FAE04EC0-301F-11D3-BF4B-00C04F79EFBC}") = "TaskManagerWebApp", "TaskManagerWebApp.csproj", "{08DC5814-132E-45E9-9D48-484A2D338F4E}"
EndProject
Global
	GlobalSection(SolutionConfigurationPlatforms) = preSolution
		Debug|Any CPU = Debug|Any CPU
		Release|Any CPU = Release|Any CPU
	EndGlobalSection
	GlobalSection(ProjectConfigurationPlatforms) = postSolution
		{08DC5814-132E-45E9-9D48-484A2D338F4E}.Debug|Any CPU.ActiveCfg = Debug|Any CPU
		{08DC5814-132E-45E9-9D48-484A2D338F4E}.Debug|Any CPU.Build.0 = Debug|Any CPU
		{08DC5814-132E-45E9-9D48-484A2D338F4E}.Release|Any CPU.ActiveCfg = Release|Any CPU
		{08DC5814-132E-45E9-9D48-484A2D338F4E}.Release|Any CPU.Build.0 = Release|Any CPU
	EndGlobalSection
	GlobalSection(SolutionProperties) = preSolution
		HideSolutionNode = FALSE
	EndGlobalSection
	GlobalSection(ExtensibilityGlobals) = postSolution
		SolutionGuid = {DC0081BF-3C86-4D8F-85E0-3B22C15A8E4C}
	EndGlobalSection
EndGlobal
